
Microsoft Visual Studio Solution File, Format Version 12.00
# Visual Studio Version 16
VisualStudioVersion = 16.0.30611.23
MinimumVisualStudioVersion = 10.0.40219.1
Project("{9A19103F-16F7-4668-BE54-9A1E7A4F7556}") = "TransactionsService", "TransactionsService\TransactionsService.csproj", "{282469A4-926D-43FC-8A12-2201DF01BDDB}"
EndProject
Global
	GlobalSection(SolutionConfigurationPlatforms) = preSolution
		Debug|Any CPU = Debug|Any CPU
		Release|Any CPU = Release|Any CPU
	EndGlobalSection
	GlobalSection(ProjectConfigurationPlatforms) = postSolution
		{282469A4-926D-43FC-8A12-2201DF01BDDB}.Debug|Any CPU.ActiveCfg = Debug|Any CPU
		{282469A4-926D-43FC-8A12-2201DF01BDDB}.Debug|Any CPU.Build.0 = Debug|Any CPU
		{282469A4-926D-43FC-8A12-2201DF01BDDB}.Release|Any CPU.ActiveCfg = Release|Any CPU
		{282469A4-926D-43FC-8A12-2201DF01BDDB}.Release|Any CPU.Build.0 = Release|Any CPU
	EndGlobalSection
	GlobalSection(SolutionProperties) = preSolution
		HideSolutionNode = FALSE
	EndGlobalSection
	GlobalSection(ExtensibilityGlobals) = postSolution
		SolutionGuid = {5092E5AF-2608-4D7D-98D9-8A1FE5BAA05C}
	EndGlobalSection
EndGlobal
